// !$*UTF8*$!
{
	archiveVersion = 1;
	classes = {
	};
	objectVersion = 46;
	objects = {

/* Begin PBXBuildFile section */
		C22739BD19F7DD320080B924 /* Foundation.framework in Frameworks */ = {isa = PBXBuildFile; fileRef = C22739BC19F7DD320080B924 /* Foundation.framework */; };
		C22739C219F7DD320080B924 /* IOANTLib2.h in CopyFiles */ = {isa = PBXBuildFile; fileRef = C22739C119F7DD320080B924 /* IOANTLib2.h */; };
		C22739C419F7DD320080B924 /* IOANTLib2.m in Sources */ = {isa = PBXBuildFile; fileRef = C22739C319F7DD320080B924 /* IOANTLib2.m */; };
		C22739CB19F7DD320080B924 /* XCTest.framework in Frameworks */ = {isa = PBXBuildFile; fileRef = C22739CA19F7DD320080B924 /* XCTest.framework */; };
		C22739CC19F7DD320080B924 /* Foundation.framework in Frameworks */ = {isa = PBXBuildFile; fileRef = C22739BC19F7DD320080B924 /* Foundation.framework */; };
		C22739CE19F7DD320080B924 /* UIKit.framework in Frameworks */ = {isa = PBXBuildFile; fileRef = C22739CD19F7DD320080B924 /* UIKit.framework */; };
		C22739D119F7DD320080B924 /* libIOANTLib2.a in Frameworks */ = {isa = PBXBuildFile; fileRef = C22739B919F7DD320080B924 /* libIOANTLib2.a */; };
		C22739D719F7DD320080B924 /* InfoPlist.strings in Resources */ = {isa = PBXBuildFile; fileRef = C22739D519F7DD320080B924 /* InfoPlist.strings */; };
		C22739D919F7DD320080B924 /* IOANTLib2Tests.m in Sources */ = {isa = PBXBuildFile; fileRef = C22739D819F7DD320080B924 /* IOANTLib2Tests.m */; };
		C2273A1119F7DD610080B924 /* IOANTChineseToPinyin.m in Sources */ = {isa = PBXBuildFile; fileRef = C22739E519F7DD610080B924 /* IOANTChineseToPinyin.m */; };
		C2273A1219F7DD610080B924 /* IOANTpinyin.m in Sources */ = {isa = PBXBuildFile; fileRef = C22739E719F7DD610080B924 /* IOANTpinyin.m */; };
		C2273A1319F7DD610080B924 /* UIView+Toast.m in Sources */ = {isa = PBXBuildFile; fileRef = C22739EA19F7DD610080B924 /* UIView+Toast.m */; };
		C2273A1419F7DD610080B924 /* MKAnnotationView+WebCache.m in Sources */ = {isa = PBXBuildFile; fileRef = C22739F019F7DD610080B924 /* MKAnnotationView+WebCache.m */; };
		C2273A1519F7DD610080B924 /* NSData+ImageContentType.m in Sources */ = {isa = PBXBuildFile; fileRef = C22739F219F7DD610080B924 /* NSData+ImageContentType.m */; };
		C2273A1619F7DD610080B924 /* SDImageCache.m in Sources */ = {isa = PBXBuildFile; fileRef = C22739F419F7DD610080B924 /* SDImageCache.m */; };
		C2273A1719F7DD610080B924 /* SDWebImageCompat.m in Sources */ = {isa = PBXBuildFile; fileRef = C22739F619F7DD610080B924 /* SDWebImageCompat.m */; };
		C2273A1819F7DD610080B924 /* SDWebImageDecoder.m in Sources */ = {isa = PBXBuildFile; fileRef = C22739F819F7DD610080B924 /* SDWebImageDecoder.m */; };
		C2273A1919F7DD610080B924 /* SDWebImageDownloader.m in Sources */ = {isa = PBXBuildFile; fileRef = C22739FA19F7DD610080B924 /* SDWebImageDownloader.m */; };
		C2273A1A19F7DD610080B924 /* SDWebImageDownloaderOperation.m in Sources */ = {isa = PBXBuildFile; fileRef = C22739FC19F7DD610080B924 /* SDWebImageDownloaderOperation.m */; };
		C2273A1B19F7DD610080B924 /* SDWebImageManager.m in Sources */ = {isa = PBXBuildFile; fileRef = C22739FE19F7DD610080B924 /* SDWebImageManager.m */; };
		C2273A1C19F7DD610080B924 /* SDWebImagePrefetcher.m in Sources */ = {isa = PBXBuildFile; fileRef = C2273A0119F7DD610080B924 /* SDWebImagePrefetcher.m */; };
		C2273A1D19F7DD610080B924 /* UIButton+WebCache.m in Sources */ = {isa = PBXBuildFile; fileRef = C2273A0319F7DD610080B924 /* UIButton+WebCache.m */; };
		C2273A1E19F7DD610080B924 /* UIImage+GIF.m in Sources */ = {isa = PBXBuildFile; fileRef = C2273A0519F7DD610080B924 /* UIImage+GIF.m */; };
		C2273A1F19F7DD610080B924 /* UIImage+MultiFormat.m in Sources */ = {isa = PBXBuildFile; fileRef = C2273A0719F7DD610080B924 /* UIImage+MultiFormat.m */; };
		C2273A2019F7DD610080B924 /* UIImage+WebP.m in Sources */ = {isa = PBXBuildFile; fileRef = C2273A0919F7DD610080B924 /* UIImage+WebP.m */; };
		C2273A2119F7DD610080B924 /* UIImageView+HighlightedWebCache.m in Sources */ = {isa = PBXBuildFile; fileRef = C2273A0B19F7DD610080B924 /* UIImageView+HighlightedWebCache.m */; };
		C2273A2219F7DD610080B924 /* UIImageView+WebCache.m in Sources */ = {isa = PBXBuildFile; fileRef = C2273A0D19F7DD610080B924 /* UIImageView+WebCache.m */; };
		C2273A2319F7DD610080B924 /* UIView+WebCacheOperation.m in Sources */ = {isa = PBXBuildFile; fileRef = C2273A0F19F7DD610080B924 /* UIView+WebCacheOperation.m */; };
		C2273A2419F7DDF50080B924 /* IOANTChineseToPinyin.h in CopyFiles */ = {isa = PBXBuildFile; fileRef = C22739E419F7DD610080B924 /* IOANTChineseToPinyin.h */; };
		C2273A2519F7DDF50080B924 /* IOANTpinyin.h in CopyFiles */ = {isa = PBXBuildFile; fileRef = C22739E619F7DD610080B924 /* IOANTpinyin.h */; };
		C2273A2619F7DDF50080B924 /* UIView+Toast.h in CopyFiles */ = {isa = PBXBuildFile; fileRef = C22739E919F7DD610080B924 /* UIView+Toast.h */; };
		C2273A2719F7DDF50080B924 /* MKAnnotationView+WebCache.h in CopyFiles */ = {isa = PBXBuildFile; fileRef = C22739EF19F7DD610080B924 /* MKAnnotationView+WebCache.h */; };
		C2273A2819F7DDF50080B924 /* NSData+ImageContentType.h in CopyFiles */ = {isa = PBXBuildFile; fileRef = C22739F119F7DD610080B924 /* NSData+ImageContentType.h */; };
		C2273A2919F7DDF50080B924 /* SDImageCache.h in CopyFiles */ = {isa = PBXBuildFile; fileRef = C22739F319F7DD610080B924 /* SDImageCache.h */; };
		C2273A2A19F7DDF50080B924 /* SDWebImageCompat.h in CopyFiles */ = {isa = PBXBuildFile; fileRef = C22739F519F7DD610080B924 /* SDWebImageCompat.h */; };
		C2273A2B19F7DDF50080B924 /* SDWebImageDecoder.h in CopyFiles */ = {isa = PBXBuildFile; fileRef = C22739F719F7DD610080B924 /* SDWebImageDecoder.h */; };
		C2273A2C19F7DDF50080B924 /* SDWebImageDownloader.h in CopyFiles */ = {isa = PBXBuildFile; fileRef = C22739F919F7DD610080B924 /* SDWebImageDownloader.h */; };
		C2273A2D19F7DDF60080B924 /* SDWebImageDownloaderOperation.h in CopyFiles */ = {isa = PBXBuildFile; fileRef = C22739FB19F7DD610080B924 /* SDWebImageDownloaderOperation.h */; };
		C2273A2E19F7DDF60080B924 /* SDWebImageManager.h in CopyFiles */ = {isa = PBXBuildFile; fileRef = C22739FD19F7DD610080B924 /* SDWebImageManager.h */; };
		C2273A2F19F7DDF60080B924 /* SDWebImageOperation.h in CopyFiles */ = {isa = PBXBuildFile; fileRef = C22739FF19F7DD610080B924 /* SDWebImageOperation.h */; };
		C2273A3019F7DDF60080B924 /* SDWebImagePrefetcher.h in CopyFiles */ = {isa = PBXBuildFile; fileRef = C2273A0019F7DD610080B924 /* SDWebImagePrefetcher.h */; };
		C2273A3119F7DDF60080B924 /* UIButton+WebCache.h in CopyFiles */ = {isa = PBXBuildFile; fileRef = C2273A0219F7DD610080B924 /* UIButton+WebCache.h */; };
		C2273A3219F7DDF60080B924 /* UIImage+GIF.h in CopyFiles */ = {isa = PBXBuildFile; fileRef = C2273A0419F7DD610080B924 /* UIImage+GIF.h */; };
		C2273A3319F7DDF60080B924 /* UIImage+MultiFormat.h in CopyFiles */ = {isa = PBXBuildFile; fileRef = C2273A0619F7DD610080B924 /* UIImage+MultiFormat.h */; };
		C2273A3419F7DDF60080B924 /* UIImage+WebP.h in CopyFiles */ = {isa = PBXBuildFile; fileRef = C2273A0819F7DD610080B924 /* UIImage+WebP.h */; };
		C2273A3519F7DDF60080B924 /* UIImageView+HighlightedWebCache.h in CopyFiles */ = {isa = PBXBuildFile; fileRef = C2273A0A19F7DD610080B924 /* UIImageView+HighlightedWebCache.h */; };
		C2273A3619F7DDF60080B924 /* UIImageView+WebCache.h in CopyFiles */ = {isa = PBXBuildFile; fileRef = C2273A0C19F7DD610080B924 /* UIImageView+WebCache.h */; };
		C2273A3719F7DDF60080B924 /* UIView+WebCacheOperation.h in CopyFiles */ = {isa = PBXBuildFile; fileRef = C2273A0E19F7DD610080B924 /* UIView+WebCacheOperation.h */; };
/* End PBXBuildFile section */

/* Begin PBXContainerItemProxy section */
		C22739CF19F7DD320080B924 /* PBXContainerItemProxy */ = {
			isa = PBXContainerItemProxy;
			containerPortal = C22739B119F7DD320080B924 /* Project object */;
			proxyType = 1;
			remoteGlobalIDString = C22739B819F7DD320080B924;
			remoteInfo = IOANTLib2;
		};
/* End PBXContainerItemProxy section */

/* Begin PBXCopyFilesBuildPhase section */
		C22739B719F7DD320080B924 /* CopyFiles */ = {
			isa = PBXCopyFilesBuildPhase;
			buildActionMask = 2147483647;
			dstPath = "include/$(PRODUCT_NAME)";
			dstSubfolderSpec = 16;
			files = (
				C2273A2419F7DDF50080B924 /* IOANTChineseToPinyin.h in CopyFiles */,
				C2273A2519F7DDF50080B924 /* IOANTpinyin.h in CopyFiles */,
				C2273A2619F7DDF50080B924 /* UIView+Toast.h in CopyFiles */,
				C2273A2719F7DDF50080B924 /* MKAnnotationView+WebCache.h in CopyFiles */,
				C2273A2819F7DDF50080B924 /* NSData+ImageContentType.h in CopyFiles */,
				C2273A2919F7DDF50080B924 /* SDImageCache.h in CopyFiles */,
				C2273A2A19F7DDF50080B924 /* SDWebImageCompat.h in CopyFiles */,
				C2273A2B19F7DDF50080B924 /* SDWebImageDecoder.h in CopyFiles */,
				C2273A2C19F7DDF50080B924 /* SDWebImageDownloader.h in CopyFiles */,
				C2273A2D19F7DDF60080B924 /* SDWebImageDownloaderOperation.h in CopyFiles */,
				C2273A2E19F7DDF60080B924 /* SDWebImageManager.h in CopyFiles */,
				C2273A2F19F7DDF60080B924 /* SDWebImageOperation.h in CopyFiles */,
				C2273A3019F7DDF60080B924 /* SDWebImagePrefetcher.h in CopyFiles */,
				C2273A3119F7DDF60080B924 /* UIButton+WebCache.h in CopyFiles */,
				C2273A3219F7DDF60080B924 /* UIImage+GIF.h in CopyFiles */,
				C2273A3319F7DDF60080B924 /* UIImage+MultiFormat.h in CopyFiles */,
				C2273A3419F7DDF60080B924 /* UIImage+WebP.h in CopyFiles */,
				C2273A3519F7DDF60080B924 /* UIImageView+HighlightedWebCache.h in CopyFiles */,
				C2273A3619F7DDF60080B924 /* UIImageView+WebCache.h in CopyFiles */,
				C2273A3719F7DDF60080B924 /* UIView+WebCacheOperation.h in CopyFiles */,
				C22739C219F7DD320080B924 /* IOANTLib2.h in CopyFiles */,
			);
			runOnlyForDeploymentPostprocessing = 0;
		};
/* End PBXCopyFilesBuildPhase section */

/* Begin PBXFileReference section */
		C22739B919F7DD320080B924 /* libIOANTLib2.a */ = {isa = PBXFileReference; explicitFileType = archive.ar; includeInIndex = 0; path = libIOANTLib2.a; sourceTree = BUILT_PRODUCTS_DIR; };
		C22739BC19F7DD320080B924 /* Foundation.framework */ = {isa = PBXFileReference; lastKnownFileType = wrapper.framework; name = Foundation.framework; path = System/Library/Frameworks/Foundation.framework; sourceTree = SDKROOT; };
		C22739C019F7DD320080B924 /* IOANTLib2-Prefix.pch */ = {isa = PBXFileReference; lastKnownFileType = sourcecode.c.h; path = "IOANTLib2-Prefix.pch"; sourceTree = "<group>"; };
		C22739C119F7DD320080B924 /* IOANTLib2.h */ = {isa = PBXFileReference; lastKnownFileType = sourcecode.c.h; path = IOANTLib2.h; sourceTree = "<group>"; };
		C22739C319F7DD320080B924 /* IOANTLib2.m */ = {isa = PBXFileReference; lastKnownFileType = sourcecode.c.objc; path = IOANTLib2.m; sourceTree = "<group>"; };
		C22739C919F7DD320080B924 /* IOANTLib2Tests.xctest */ = {isa = PBXFileReference; explicitFileType = wrapper.cfbundle; includeInIndex = 0; path = IOANTLib2Tests.xctest; sourceTree = BUILT_PRODUCTS_DIR; };
		C22739CA19F7DD320080B924 /* XCTest.framework */ = {isa = PBXFileReference; lastKnownFileType = wrapper.framework; name = XCTest.framework; path = Library/Frameworks/XCTest.framework; sourceTree = DEVELOPER_DIR; };
		C22739CD19F7DD320080B924 /* UIKit.framework */ = {isa = PBXFileReference; lastKnownFileType = wrapper.framework; name = UIKit.framework; path = Library/Frameworks/UIKit.framework; sourceTree = DEVELOPER_DIR; };
		C22739D419F7DD320080B924 /* IOANTLib2Tests-Info.plist */ = {isa = PBXFileReference; lastKnownFileType = text.plist.xml; path = "IOANTLib2Tests-Info.plist"; sourceTree = "<group>"; };
		C22739D619F7DD320080B924 /* en */ = {isa = PBXFileReference; lastKnownFileType = text.plist.strings; name = en; path = en.lproj/InfoPlist.strings; sourceTree = "<group>"; };
		C22739D819F7DD320080B924 /* IOANTLib2Tests.m */ = {isa = PBXFileReference; lastKnownFileType = sourcecode.c.objc; path = IOANTLib2Tests.m; sourceTree = "<group>"; };
		C22739E419F7DD610080B924 /* IOANTChineseToPinyin.h */ = {isa = PBXFileReference; fileEncoding = 4; lastKnownFileType = sourcecode.c.h; path = IOANTChineseToPinyin.h; sourceTree = "<group>"; };
		C22739E519F7DD610080B924 /* IOANTChineseToPinyin.m */ = {isa = PBXFileReference; fileEncoding = 4; lastKnownFileType = sourcecode.c.objc; path = IOANTChineseToPinyin.m; sourceTree = "<group>"; };
		C22739E619F7DD610080B924 /* IOANTpinyin.h */ = {isa = PBXFileReference; fileEncoding = 4; lastKnownFileType = sourcecode.c.h; path = IOANTpinyin.h; sourceTree = "<group>"; };
		C22739E719F7DD610080B924 /* IOANTpinyin.m */ = {isa = PBXFileReference; fileEncoding = 4; lastKnownFileType = sourcecode.c.objc; path = IOANTpinyin.m; sourceTree = "<group>"; };
		C22739E919F7DD610080B924 /* UIView+Toast.h */ = {isa = PBXFileReference; fileEncoding = 4; lastKnownFileType = sourcecode.c.h; path = "UIView+Toast.h"; sourceTree = "<group>"; };
		C22739EA19F7DD610080B924 /* UIView+Toast.m */ = {isa = PBXFileReference; fileEncoding = 4; lastKnownFileType = sourcecode.c.objc; path = "UIView+Toast.m"; sourceTree = "<group>"; };
		C22739EF19F7DD610080B924 /* MKAnnotationView+WebCache.h */ = {isa = PBXFileReference; fileEncoding = 4; lastKnownFileType = sourcecode.c.h; path = "MKAnnotationView+WebCache.h"; sourceTree = "<group>"; };
		C22739F019F7DD610080B924 /* MKAnnotationView+WebCache.m */ = {isa = PBXFileReference; fileEncoding = 4; lastKnownFileType = sourcecode.c.objc; path = "MKAnnotationView+WebCache.m"; sourceTree = "<group>"; };
		C22739F119F7DD610080B924 /* NSData+ImageContentType.h */ = {isa = PBXFileReference; fileEncoding = 4; lastKnownFileType = sourcecode.c.h; path = "NSData+ImageContentType.h"; sourceTree = "<group>"; };
		C22739F219F7DD610080B924 /* NSData+ImageContentType.m */ = {isa = PBXFileReference; fileEncoding = 4; lastKnownFileType = sourcecode.c.objc; path = "NSData+ImageContentType.m"; sourceTree = "<group>"; };
		C22739F319F7DD610080B924 /* SDImageCache.h */ = {isa = PBXFileReference; fileEncoding = 4; lastKnownFileType = sourcecode.c.h; path = SDImageCache.h; sourceTree = "<group>"; };
		C22739F419F7DD610080B924 /* SDImageCache.m */ = {isa = PBXFileReference; fileEncoding = 4; lastKnownFileType = sourcecode.c.objc; path = SDImageCache.m; sourceTree = "<group>"; };
		C22739F519F7DD610080B924 /* SDWebImageCompat.h */ = {isa = PBXFileReference; fileEncoding = 4; lastKnownFileType = sourcecode.c.h; path = SDWebImageCompat.h; sourceTree = "<group>"; };
		C22739F619F7DD610080B924 /* SDWebImageCompat.m */ = {isa = PBXFileReference; fileEncoding = 4; lastKnownFileType = sourcecode.c.objc; path = SDWebImageCompat.m; sourceTree = "<group>"; };
		C22739F719F7DD610080B924 /* SDWebImageDecoder.h */ = {isa = PBXFileReference; fileEncoding = 4; lastKnownFileType = sourcecode.c.h; path = SDWebImageDecoder.h; sourceTree = "<group>"; };
		C22739F819F7DD610080B924 /* SDWebImageDecoder.m */ = {isa = PBXFileReference; fileEncoding = 4; lastKnownFileType = sourcecode.c.objc; path = SDWebImageDecoder.m; sourceTree = "<group>"; };
		C22739F919F7DD610080B924 /* SDWebImageDownloader.h */ = {isa = PBXFileReference; fileEncoding = 4; lastKnownFileType = sourcecode.c.h; path = SDWebImageDownloader.h; sourceTree = "<group>"; };
		C22739FA19F7DD610080B924 /* SDWebImageDownloader.m */ = {isa = PBXFileReference; fileEncoding = 4; lastKnownFileType = sourcecode.c.objc; path = SDWebImageDownloader.m; sourceTree = "<group>"; };
		C22739FB19F7DD610080B924 /* SDWebImageDownloaderOperation.h */ = {isa = PBXFileReference; fileEncoding = 4; lastKnownFileType = sourcecode.c.h; path = SDWebImageDownloaderOperation.h; sourceTree = "<group>"; };
		C22739FC19F7DD610080B924 /* SDWebImageDownloaderOperation.m */ = {isa = PBXFileReference; fileEncoding = 4; lastKnownFileType = sourcecode.c.objc; path = SDWebImageDownloaderOperation.m; sourceTree = "<group>"; };
		C22739FD19F7DD610080B924 /* SDWebImageManager.h */ = {isa = PBXFileReference; fileEncoding = 4; lastKnownFileType = sourcecode.c.h; path = SDWebImageManager.h; sourceTree = "<group>"; };
		C22739FE19F7DD610080B924 /* SDWebImageManager.m */ = {isa = PBXFileReference; fileEncoding = 4; lastKnownFileType = sourcecode.c.objc; path = SDWebImageManager.m; sourceTree = "<group>"; };
		C22739FF19F7DD610080B924 /* SDWebImageOperation.h */ = {isa = PBXFileReference; fileEncoding = 4; lastKnownFileType = sourcecode.c.h; path = SDWebImageOperation.h; sourceTree = "<group>"; };
		C2273A0019F7DD610080B924 /* SDWebImagePrefetcher.h */ = {isa = PBXFileReference; fileEncoding = 4; lastKnownFileType = sourcecode.c.h; path = SDWebImagePrefetcher.h; sourceTree = "<group>"; };
		C2273A0119F7DD610080B924 /* SDWebImagePrefetcher.m */ = {isa = PBXFileReference; fileEncoding = 4; lastKnownFileType = sourcecode.c.objc; path = SDWebImagePrefetcher.m; sourceTree = "<group>"; };
		C2273A0219F7DD610080B924 /* UIButton+WebCache.h */ = {isa = PBXFileReference; fileEncoding = 4; lastKnownFileType = sourcecode.c.h; path = "UIButton+WebCache.h"; sourceTree = "<group>"; };
		C2273A0319F7DD610080B924 /* UIButton+WebCache.m */ = {isa = PBXFileReference; fileEncoding = 4; lastKnownFileType = sourcecode.c.objc; path = "UIButton+WebCache.m"; sourceTree = "<group>"; };
		C2273A0419F7DD610080B924 /* UIImage+GIF.h */ = {isa = PBXFileReference; fileEncoding = 4; lastKnownFileType = sourcecode.c.h; path = "UIImage+GIF.h"; sourceTree = "<group>"; };
		C2273A0519F7DD610080B924 /* UIImage+GIF.m */ = {isa = PBXFileReference; fileEncoding = 4; lastKnownFileType = sourcecode.c.objc; path = "UIImage+GIF.m"; sourceTree = "<group>"; };
		C2273A0619F7DD610080B924 /* UIImage+MultiFormat.h */ = {isa = PBXFileReference; fileEncoding = 4; lastKnownFileType = sourcecode.c.h; path = "UIImage+MultiFormat.h"; sourceTree = "<group>"; };
		C2273A0719F7DD610080B924 /* UIImage+MultiFormat.m */ = {isa = PBXFileReference; fileEncoding = 4; lastKnownFileType = sourcecode.c.objc; path = "UIImage+MultiFormat.m"; sourceTree = "<group>"; };
		C2273A0819F7DD610080B924 /* UIImage+WebP.h */ = {isa = PBXFileReference; fileEncoding = 4; lastKnownFileType = sourcecode.c.h; path = "UIImage+WebP.h"; sourceTree = "<group>"; };
		C2273A0919F7DD610080B924 /* UIImage+WebP.m */ = {isa = PBXFileReference; fileEncoding = 4; lastKnownFileType = sourcecode.c.objc; path = "UIImage+WebP.m"; sourceTree = "<group>"; };
		C2273A0A19F7DD610080B924 /* UIImageView+HighlightedWebCache.h */ = {isa = PBXFileReference; fileEncoding = 4; lastKnownFileType = sourcecode.c.h; path = "UIImageView+HighlightedWebCache.h"; sourceTree = "<group>"; };
		C2273A0B19F7DD610080B924 /* UIImageView+HighlightedWebCache.m */ = {isa = PBXFileReference; fileEncoding = 4; lastKnownFileType = sourcecode.c.objc; path = "UIImageView+HighlightedWebCache.m"; sourceTree = "<group>"; };
		C2273A0C19F7DD610080B924 /* UIImageView+WebCache.h */ = {isa = PBXFileReference; fileEncoding = 4; lastKnownFileType = sourcecode.c.h; path = "UIImageView+WebCache.h"; sourceTree = "<group>"; };
		C2273A0D19F7DD610080B924 /* UIImageView+WebCache.m */ = {isa = PBXFileReference; fileEncoding = 4; lastKnownFileType = sourcecode.c.objc; path = "UIImageView+WebCache.m"; sourceTree = "<group>"; };
		C2273A0E19F7DD610080B924 /* UIView+WebCacheOperation.h */ = {isa = PBXFileReference; fileEncoding = 4; lastKnownFileType = sourcecode.c.h; path = "UIView+WebCacheOperation.h"; sourceTree = "<group>"; };
		C2273A0F19F7DD610080B924 /* UIView+WebCacheOperation.m */ = {isa = PBXFileReference; fileEncoding = 4; lastKnownFileType = sourcecode.c.objc; path = "UIView+WebCacheOperation.m"; sourceTree = "<group>"; };
/* End PBXFileReference section */

/* Begin PBXFrameworksBuildPhase section */
		C22739B619F7DD320080B924 /* Frameworks */ = {
			isa = PBXFrameworksBuildPhase;
			buildActionMask = 2147483647;
			files = (
				C22739BD19F7DD320080B924 /* Foundation.framework in Frameworks */,
			);
			runOnlyForDeploymentPostprocessing = 0;
		};
		C22739C619F7DD320080B924 /* Frameworks */ = {
			isa = PBXFrameworksBuildPhase;
			buildActionMask = 2147483647;
			files = (
				C22739D119F7DD320080B924 /* libIOANTLib2.a in Frameworks */,
				C22739CB19F7DD320080B924 /* XCTest.framework in Frameworks */,
				C22739CE19F7DD320080B924 /* UIKit.framework in Frameworks */,
				C22739CC19F7DD320080B924 /* Foundation.framework in Frameworks */,
			);
			runOnlyForDeploymentPostprocessing = 0;
		};
/* End PBXFrameworksBuildPhase section */

/* Begin PBXGroup section */
		C22739B019F7DD320080B924 = {
			isa = PBXGroup;
			children = (
				C22739E219F7DD610080B924 /* common */,
				C22739EB19F7DD610080B924 /* data */,
				C22739EC19F7DD610080B924 /* net */,
				C22739ED19F7DD610080B924 /* threeParty */,
				C2273A1019F7DD610080B924 /* ui */,
				C22739BE19F7DD320080B924 /* IOANTLib2 */,
				C22739D219F7DD320080B924 /* IOANTLib2Tests */,
				C22739BB19F7DD320080B924 /* Frameworks */,
				C22739BA19F7DD320080B924 /* Products */,
			);
			sourceTree = "<group>";
		};
		C22739BA19F7DD320080B924 /* Products */ = {
			isa = PBXGroup;
			children = (
				C22739B919F7DD320080B924 /* libIOANTLib2.a */,
				C22739C919F7DD320080B924 /* IOANTLib2Tests.xctest */,
			);
			name = Products;
			sourceTree = "<group>";
		};
		C22739BB19F7DD320080B924 /* Frameworks */ = {
			isa = PBXGroup;
			children = (
				C22739BC19F7DD320080B924 /* Foundation.framework */,
				C22739CA19F7DD320080B924 /* XCTest.framework */,
				C22739CD19F7DD320080B924 /* UIKit.framework */,
			);
			name = Frameworks;
			sourceTree = "<group>";
		};
		C22739BE19F7DD320080B924 /* IOANTLib2 */ = {
			isa = PBXGroup;
			children = (
				C22739C119F7DD320080B924 /* IOANTLib2.h */,
				C22739C319F7DD320080B924 /* IOANTLib2.m */,
				C22739BF19F7DD320080B924 /* Supporting Files */,
			);
			path = IOANTLib2;
			sourceTree = "<group>";
		};
		C22739BF19F7DD320080B924 /* Supporting Files */ = {
			isa = PBXGroup;
			children = (
				C22739C019F7DD320080B924 /* IOANTLib2-Prefix.pch */,
			);
			name = "Supporting Files";
			sourceTree = "<group>";
		};
		C22739D219F7DD320080B924 /* IOANTLib2Tests */ = {
			isa = PBXGroup;
			children = (
				C22739D819F7DD320080B924 /* IOANTLib2Tests.m */,
				C22739D319F7DD320080B924 /* Supporting Files */,
			);
			path = IOANTLib2Tests;
			sourceTree = "<group>";
		};
		C22739D319F7DD320080B924 /* Supporting Files */ = {
			isa = PBXGroup;
			children = (
				C22739D419F7DD320080B924 /* IOANTLib2Tests-Info.plist */,
				C22739D519F7DD320080B924 /* InfoPlist.strings */,
			);
			name = "Supporting Files";
			sourceTree = "<group>";
		};
		C22739E219F7DD610080B924 /* common */ = {
			isa = PBXGroup;
			children = (
				C22739E319F7DD610080B924 /* pinyin */,
				C22739E819F7DD610080B924 /* toast */,
			);
			path = common;
			sourceTree = "<group>";
		};
		C22739E319F7DD610080B924 /* pinyin */ = {
			isa = PBXGroup;
			children = (
				C22739E419F7DD610080B924 /* IOANTChineseToPinyin.h */,
				C22739E519F7DD610080B924 /* IOANTChineseToPinyin.m */,
				C22739E619F7DD610080B924 /* IOANTpinyin.h */,
				C22739E719F7DD610080B924 /* IOANTpinyin.m */,
			);
			path = pinyin;
			sourceTree = "<group>";
		};
		C22739E819F7DD610080B924 /* toast */ = {
			isa = PBXGroup;
			children = (
				C22739E919F7DD610080B924 /* UIView+Toast.h */,
				C22739EA19F7DD610080B924 /* UIView+Toast.m */,
			);
			path = toast;
			sourceTree = "<group>";
		};
		C22739EB19F7DD610080B924 /* data */ = {
			isa = PBXGroup;
			children = (
			);
			path = data;
			sourceTree = "<group>";
		};
		C22739EC19F7DD610080B924 /* net */ = {
			isa = PBXGroup;
			children = (
			);
			path = net;
			sourceTree = "<group>";
		};
		C22739ED19F7DD610080B924 /* threeParty */ = {
			isa = PBXGroup;
			children = (
				C22739EE19F7DD610080B924 /* SDWebImage */,
			);
			path = threeParty;
			sourceTree = "<group>";
		};
		C22739EE19F7DD610080B924 /* SDWebImage */ = {
			isa = PBXGroup;
			children = (
				C22739EF19F7DD610080B924 /* MKAnnotationView+WebCache.h */,
				C22739F019F7DD610080B924 /* MKAnnotationView+WebCache.m */,
				C22739F119F7DD610080B924 /* NSData+ImageContentType.h */,
				C22739F219F7DD610080B924 /* NSData+ImageContentType.m */,
				C22739F319F7DD610080B924 /* SDImageCache.h */,
				C22739F419F7DD610080B924 /* SDImageCache.m */,
				C22739F519F7DD610080B924 /* SDWebImageCompat.h */,
				C22739F619F7DD610080B924 /* SDWebImageCompat.m */,
				C22739F719F7DD610080B924 /* SDWebImageDecoder.h */,
				C22739F819F7DD610080B924 /* SDWebImageDecoder.m */,
				C22739F919F7DD610080B924 /* SDWebImageDownloader.h */,
				C22739FA19F7DD610080B924 /* SDWebImageDownloader.m */,
				C22739FB19F7DD610080B924 /* SDWebImageDownloaderOperation.h */,
				C22739FC19F7DD610080B924 /* SDWebImageDownloaderOperation.m */,
				C22739FD19F7DD610080B924 /* SDWebImageManager.h */,
				C22739FE19F7DD610080B924 /* SDWebImageManager.m */,
				C22739FF19F7DD610080B924 /* SDWebImageOperation.h */,
				C2273A0019F7DD610080B924 /* SDWebImagePrefetcher.h */,
				C2273A0119F7DD610080B924 /* SDWebImagePrefetcher.m */,
				C2273A0219F7DD610080B924 /* UIButton+WebCache.h */,
				C2273A0319F7DD610080B924 /* UIButton+WebCache.m */,
				C2273A0419F7DD610080B924 /* UIImage+GIF.h */,
				C2273A0519F7DD610080B924 /* UIImage+GIF.m */,
				C2273A0619F7DD610080B924 /* UIImage+MultiFormat.h */,
				C2273A0719F7DD610080B924 /* UIImage+MultiFormat.m */,
				C2273A0819F7DD610080B924 /* UIImage+WebP.h */,
				C2273A0919F7DD610080B924 /* UIImage+WebP.m */,
				C2273A0A19F7DD610080B924 /* UIImageView+HighlightedWebCache.h */,
				C2273A0B19F7DD610080B924 /* UIImageView+HighlightedWebCache.m */,
				C2273A0C19F7DD610080B924 /* UIImageView+WebCache.h */,
				C2273A0D19F7DD610080B924 /* UIImageView+WebCache.m */,
				C2273A0E19F7DD610080B924 /* UIView+WebCacheOperation.h */,
				C2273A0F19F7DD610080B924 /* UIView+WebCacheOperation.m */,
			);
			path = SDWebImage;
			sourceTree = "<group>";
		};
		C2273A1019F7DD610080B924 /* ui */ = {
			isa = PBXGroup;
			children = (
			);
			path = ui;
			sourceTree = "<group>";
		};
/* End PBXGroup section */

/* Begin PBXNativeTarget section */
		C22739B819F7DD320080B924 /* IOANTLib2 */ = {
			isa = PBXNativeTarget;
			buildConfigurationList = C22739DC19F7DD320080B924 /* Build configuration list for PBXNativeTarget "IOANTLib2" */;
			buildPhases = (
				C22739B519F7DD320080B924 /* Sources */,
				C22739B619F7DD320080B924 /* Frameworks */,
				C22739B719F7DD320080B924 /* CopyFiles */,
			);
			buildRules = (
			);
			dependencies = (
			);
			name = IOANTLib2;
			productName = IOANTLib2;
			productReference = C22739B919F7DD320080B924 /* libIOANTLib2.a */;
			productType = "com.apple.product-type.library.static";
		};
		C22739C819F7DD320080B924 /* IOANTLib2Tests */ = {
			isa = PBXNativeTarget;
			buildConfigurationList = C22739DF19F7DD320080B924 /* Build configuration list for PBXNativeTarget "IOANTLib2Tests" */;
			buildPhases = (
				C22739C519F7DD320080B924 /* Sources */,
				C22739C619F7DD320080B924 /* Frameworks */,
				C22739C719F7DD320080B924 /* Resources */,
			);
			buildRules = (
			);
			dependencies = (
				C22739D019F7DD320080B924 /* PBXTargetDependency */,
			);
			name = IOANTLib2Tests;
			productName = IOANTLib2Tests;
			productReference = C22739C919F7DD320080B924 /* IOANTLib2Tests.xctest */;
			productType = "com.apple.product-type.bundle.unit-test";
		};
/* End PBXNativeTarget section */

/* Begin PBXProject section */
		C22739B119F7DD320080B924 /* Project object */ = {
			isa = PBXProject;
			attributes = {
				LastUpgradeCheck = 0510;
				ORGANIZATIONNAME = Liushuai;
			};
			buildConfigurationList = C22739B419F7DD320080B924 /* Build configuration list for PBXProject "IOANTLib2" */;
			compatibilityVersion = "Xcode 3.2";
			developmentRegion = English;
			hasScannedForEncodings = 0;
			knownRegions = (
				en,
			);
			mainGroup = C22739B019F7DD320080B924;
			productRefGroup = C22739BA19F7DD320080B924 /* Products */;
			projectDirPath = "";
			projectRoot = "";
			targets = (
				C22739B819F7DD320080B924 /* IOANTLib2 */,
				C22739C819F7DD320080B924 /* IOANTLib2Tests */,
			);
		};
/* End PBXProject section */

/* Begin PBXResourcesBuildPhase section */
		C22739C719F7DD320080B924 /* Resources */ = {
			isa = PBXResourcesBuildPhase;
			buildActionMask = 2147483647;
			files = (
				C22739D719F7DD320080B924 /* InfoPlist.strings in Resources */,
			);
			runOnlyForDeploymentPostprocessing = 0;
		};
/* End PBXResourcesBuildPhase section */

/* Begin PBXSourcesBuildPhase section */
		C22739B519F7DD320080B924 /* Sources */ = {
			isa = PBXSourcesBuildPhase;
			buildActionMask = 2147483647;
			files = (
				C2273A2119F7DD610080B924 /* UIImageView+HighlightedWebCache.m in Sources */,
				C2273A1F19F7DD610080B924 /* UIImage+MultiFormat.m in Sources */,
				C2273A1A19F7DD610080B924 /* SDWebImageDownloaderOperation.m in Sources */,
				C2273A1319F7DD610080B924 /* UIView+Toast.m in Sources */,
				C2273A1719F7DD610080B924 /* SDWebImageCompat.m in Sources */,
				C2273A1E19F7DD610080B924 /* UIImage+GIF.m in Sources */,
				C2273A1C19F7DD610080B924 /* SDWebImagePrefetcher.m in Sources */,
				C22739C419F7DD320080B924 /* IOANTLib2.m in Sources */,
				C2273A1219F7DD610080B924 /* IOANTpinyin.m in Sources */,
				C2273A2019F7DD610080B924 /* UIImage+WebP.m in Sources */,
				C2273A2219F7DD610080B924 /* UIImageView+WebCache.m in Sources */,
				C2273A1919F7DD610080B924 /* SDWebImageDownloader.m in Sources */,
				C2273A2319F7DD610080B924 /* UIView+WebCacheOperation.m in Sources */,
				C2273A1D19F7DD610080B924 /* UIButton+WebCache.m in Sources */,
				C2273A1419F7DD610080B924 /* MKAnnotationView+WebCache.m in Sources */,
				C2273A1519F7DD610080B924 /* NSData+ImageContentType.m in Sources */,
				C2273A1119F7DD610080B924 /* IOANTChineseToPinyin.m in Sources */,
				C2273A1B19F7DD610080B924 /* SDWebImageManager.m in Sources */,
				C2273A1819F7DD610080B924 /* SDWebImageDecoder.m in Sources */,
				C2273A1619F7DD610080B924 /* SDImageCache.m in Sources */,
			);
			runOnlyForDeploymentPostprocessing = 0;
		};
		C22739C519F7DD320080B924 /* Sources */ = {
			isa = PBXSourcesBuildPhase;
			buildActionMask = 2147483647;
			files = (
				C22739D919F7DD320080B924 /* IOANTLib2Tests.m in Sources */,
			);
			runOnlyForDeploymentPostprocessing = 0;
		};
/* End PBXSourcesBuildPhase section */

/* Begin PBXTargetDependency section */
		C22739D019F7DD320080B924 /* PBXTargetDependency */ = {
			isa = PBXTargetDependency;
			target = C22739B819F7DD320080B924 /* IOANTLib2 */;
			targetProxy = C22739CF19F7DD320080B924 /* PBXContainerItemProxy */;
		};
/* End PBXTargetDependency section */

/* Begin PBXVariantGroup section */
		C22739D519F7DD320080B924 /* InfoPlist.strings */ = {
			isa = PBXVariantGroup;
			children = (
				C22739D619F7DD320080B924 /* en */,
			);
			name = InfoPlist.strings;
			sourceTree = "<group>";
		};
/* End PBXVariantGroup section */

/* Begin XCBuildConfiguration section */
		C22739DA19F7DD320080B924 /* Debug */ = {
			isa = XCBuildConfiguration;
			buildSettings = {
				ALWAYS_SEARCH_USER_PATHS = NO;
				CLANG_CXX_LANGUAGE_STANDARD = "gnu++0x";
				CLANG_CXX_LIBRARY = "libc++";
				CLANG_ENABLE_MODULES = YES;
				CLANG_ENABLE_OBJC_ARC = YES;
				CLANG_WARN_BOOL_CONVERSION = YES;
				CLANG_WARN_CONSTANT_CONVERSION = YES;
				CLANG_WARN_DIRECT_OBJC_ISA_USAGE = YES_ERROR;
				CLANG_WARN_EMPTY_BODY = YES;
				CLANG_WARN_ENUM_CONVERSION = YES;
				CLANG_WARN_INT_CONVERSION = YES;
				CLANG_WARN_OBJC_ROOT_CLASS = YES_ERROR;
				CLANG_WARN__DUPLICATE_METHOD_MATCH = YES;
				COPY_PHASE_STRIP = NO;
				GCC_C_LANGUAGE_STANDARD = gnu99;
				GCC_DYNAMIC_NO_PIC = NO;
				GCC_OPTIMIZATION_LEVEL = 0;
				GCC_PREPROCESSOR_DEFINITIONS = (
					"DEBUG=1",
					"$(inherited)",
				);
				GCC_SYMBOLS_PRIVATE_EXTERN = NO;
				GCC_WARN_64_TO_32_BIT_CONVERSION = YES;
				GCC_WARN_ABOUT_RETURN_TYPE = YES_ERROR;
				GCC_WARN_UNDECLARED_SELECTOR = YES;
				GCC_WARN_UNINITIALIZED_AUTOS = YES_AGGRESSIVE;
				GCC_WARN_UNUSED_FUNCTION = YES;
				GCC_WARN_UNUSED_VARIABLE = YES;
				IPHONEOS_DEPLOYMENT_TARGET = 7.1;
				ONLY_ACTIVE_ARCH = YES;
				SDKROOT = iphoneos;
			};
			name = Debug;
		};
		C22739DB19F7DD320080B924 /* Release */ = {
			isa = XCBuildConfiguration;
			buildSettings = {
				ALWAYS_SEARCH_USER_PATHS = NO;
				CLANG_CXX_LANGUAGE_STANDARD = "gnu++0x";
				CLANG_CXX_LIBRARY = "libc++";
				CLANG_ENABLE_MODULES = YES;
				CLANG_ENABLE_OBJC_ARC = YES;
				CLANG_WARN_BOOL_CONVERSION = YES;
				CLANG_WARN_CONSTANT_CONVERSION = YES;
				CLANG_WARN_DIRECT_OBJC_ISA_USAGE = YES_ERROR;
				CLANG_WARN_EMPTY_BODY = YES;
				CLANG_WARN_ENUM_CONVERSION = YES;
				CLANG_WARN_INT_CONVERSION = YES;
				CLANG_WARN_OBJC_ROOT_CLASS = YES_ERROR;
				CLANG_WARN__DUPLICATE_METHOD_MATCH = YES;
				COPY_PHASE_STRIP = YES;
				ENABLE_NS_ASSERTIONS = NO;
				GCC_C_LANGUAGE_STANDARD = gnu99;
				GCC_WARN_64_TO_32_BIT_CONVERSION = YES;
				GCC_WARN_ABOUT_RETURN_TYPE = YES_ERROR;
				GCC_WARN_UNDECLARED_SELECTOR = YES;
				GCC_WARN_UNINITIALIZED_AUTOS = YES_AGGRESSIVE;
				GCC_WARN_UNUSED_FUNCTION = YES;
				GCC_WARN_UNUSED_VARIABLE = YES;
				IPHONEOS_DEPLOYMENT_TARGET = 7.1;
				SDKROOT = iphoneos;
				VALIDATE_PRODUCT = YES;
			};
			name = Release;
		};
		C22739DD19F7DD320080B924 /* Debug */ = {
			isa = XCBuildConfiguration;
			buildSettings = {
				DSTROOT = /tmp/IOANTLib2.dst;
				GCC_PRECOMPILE_PREFIX_HEADER = YES;
				GCC_PREFIX_HEADER = "IOANTLib2/IOANTLib2-Prefix.pch";
				OTHER_LDFLAGS = "-ObjC";
				PRODUCT_NAME = "$(TARGET_NAME)";
				SKIP_INSTALL = YES;
			};
			name = Debug;
		};
		C22739DE19F7DD320080B924 /* Release */ = {
			isa = XCBuildConfiguration;
			buildSettings = {
				DSTROOT = /tmp/IOANTLib2.dst;
				GCC_PRECOMPILE_PREFIX_HEADER = YES;
				GCC_PREFIX_HEADER = "IOANTLib2/IOANTLib2-Prefix.pch";
				OTHER_LDFLAGS = "-ObjC";
				PRODUCT_NAME = "$(TARGET_NAME)";
				SKIP_INSTALL = YES;
			};
			name = Release;
		};
		C22739E019F7DD320080B924 /* Debug */ = {
			isa = XCBuildConfiguration;
			buildSettings = {
				FRAMEWORK_SEARCH_PATHS = (
					"$(SDKROOT)/Developer/Library/Frameworks",
					"$(inherited)",
					"$(DEVELOPER_FRAMEWORKS_DIR)",
				);
				GCC_PRECOMPILE_PREFIX_HEADER = YES;
				GCC_PREFIX_HEADER = "IOANTLib2/IOANTLib2-Prefix.pch";
				GCC_PREPROCESSOR_DEFINITIONS = (
					"DEBUG=1",
					"$(inherited)",
				);
				INFOPLIST_FILE = "IOANTLib2Tests/IOANTLib2Tests-Info.plist";
				PRODUCT_NAME = "$(TARGET_NAME)";
				WRAPPER_EXTENSION = xctest;
			};
			name = Debug;
		};
		C22739E119F7DD320080B924 /* Release */ = {
			isa = XCBuildConfiguration;
			buildSettings = {
				FRAMEWORK_SEARCH_PATHS = (
					"$(SDKROOT)/Developer/Library/Frameworks",
					"$(inherited)",
					"$(DEVELOPER_FRAMEWORKS_DIR)",
				);
				GCC_PRECOMPILE_PREFIX_HEADER = YES;
				GCC_PREFIX_HEADER = "IOANTLib2/IOANTLib2-Prefix.pch";
				INFOPLIST_FILE = "IOANTLib2Tests/IOANTLib2Tests-Info.plist";
				PRODUCT_NAME = "$(TARGET_NAME)";
				WRAPPER_EXTENSION = xctest;
			};
			name = Release;
		};
/* End XCBuildConfiguration section */

/* Begin XCConfigurationList section */
		C22739B419F7DD320080B924 /* Build configuration list for PBXProject "IOANTLib2" */ = {
			isa = XCConfigurationList;
			buildConfigurations = (
				C22739DA19F7DD320080B924 /* Debug */,
				C22739DB19F7DD320080B924 /* Release */,
			);
			defaultConfigurationIsVisible = 0;
			defaultConfigurationName = Release;
		};
		C22739DC19F7DD320080B924 /* Build configuration list for PBXNativeTarget "IOANTLib2" */ = {
			isa = XCConfigurationList;
			buildConfigurations = (
				C22739DD19F7DD320080B924 /* Debug */,
				C22739DE19F7DD320080B924 /* Release */,
			);
			defaultConfigurationIsVisible = 0;
		};
		C22739DF19F7DD320080B924 /* Build configuration list for PBXNativeTarget "IOANTLib2Tests" */ = {
			isa = XCConfigurationList;
			buildConfigurations = (
				C22739E019F7DD320080B924 /* Debug */,
				C22739E119F7DD320080B924 /* Release */,
			);
			defaultConfigurationIsVisible = 0;
		};
/* End XCConfigurationList section */
	};
	rootObject = C22739B119F7DD320080B924 /* Project object */;
}
